// !$*UTF8*$!
{
	archiveVersion = 1;
	classes = {
	};
	objectVersion = 46;
	objects = {

/* Begin PBXBuildFile section */
		415C639B1CECC824005F81E4 /* AppDelegate.swift in Sources */ = {isa = PBXBuildFile; fileRef = 415C639A1CECC824005F81E4 /* AppDelegate.swift */; };
		415C639D1CECC824005F81E4 /* ViewController.swift in Sources */ = {isa = PBXBuildFile; fileRef = 415C639C1CECC824005F81E4 /* ViewController.swift */; };
		415C63A01CECC824005F81E4 /* Main.storyboard in Resources */ = {isa = PBXBuildFile; fileRef = 415C639E1CECC824005F81E4 /* Main.storyboard */; };
		415C63A21CECC824005F81E4 /* Assets.xcassets in Resources */ = {isa = PBXBuildFile; fileRef = 415C63A11CECC824005F81E4 /* Assets.xcassets */; };
		415C63A51CECC824005F81E4 /* LaunchScreen.storyboard in Resources */ = {isa = PBXBuildFile; fileRef = 415C63A31CECC824005F81E4 /* LaunchScreen.storyboard */; };
		415C63DC1CECCD69005F81E4 /* AudioStreamer.m in Sources */ = {isa = PBXBuildFile; fileRef = 415C63D71CECCD69005F81E4 /* AudioStreamer.m */; settings = {COMPILER_FLAGS = "-fno-objc-arc"; }; };
		415C63DD1CECCD69005F81E4 /* RTSPPlayer.m in Sources */ = {isa = PBXBuildFile; fileRef = 415C63D91CECCD69005F81E4 /* RTSPPlayer.m */; settings = {COMPILER_FLAGS = "-fno-objc-arc"; }; };
		415C63DE1CECCD69005F81E4 /* Utilities.m in Sources */ = {isa = PBXBuildFile; fileRef = 415C63DB1CECCD69005F81E4 /* Utilities.m */; };
		43438C09260063BC0029BAB1 /* alarm.mp3 in Resources */ = {isa = PBXBuildFile; fileRef = 43438C08260063BC0029BAB1 /* alarm.mp3 */; };
		436341DA25F9B95800ECB9C5 /* Coordinates.swift in Sources */ = {isa = PBXBuildFile; fileRef = 436341D925F9B95700ECB9C5 /* Coordinates.swift */; };
		436C0DB925DE4AF100329384 /* EditServerController.swift in Sources */ = {isa = PBXBuildFile; fileRef = 436C0DB825DE4AF100329384 /* EditServerController.swift */; };
		436C0DBD25DF613C00329384 /* Address.swift in Sources */ = {isa = PBXBuildFile; fileRef = 436C0DBC25DF613C00329384 /* Address.swift */; };
		436C0DC025DF67E500329384 /* EditCamViewController.swift in Sources */ = {isa = PBXBuildFile; fileRef = 436C0DBF25DF67E500329384 /* EditCamViewController.swift */; };
		436C0DC425DF9D5400329384 /* Json.swift in Sources */ = {isa = PBXBuildFile; fileRef = 436C0DC325DF9D5400329384 /* Json.swift */; };
		4372065725C150FB008A0556 /* libbz2.tbd in Frameworks */ = {isa = PBXBuildFile; fileRef = 4372065125C1509C008A0556 /* libbz2.tbd */; };
		4372065925C150FE008A0556 /* libiconv.tbd in Frameworks */ = {isa = PBXBuildFile; fileRef = 4372065225C1509C008A0556 /* libiconv.tbd */; };
		4372065B25C15101008A0556 /* libz.tbd in Frameworks */ = {isa = PBXBuildFile; fileRef = 4372065325C1509C008A0556 /* libz.tbd */; };
		4372066425C1510E008A0556 /* libavfilter.a in Frameworks */ = {isa = PBXBuildFile; fileRef = 4372065D25C1510D008A0556 /* libavfilter.a */; };
		4372066525C1510E008A0556 /* libswresample.a in Frameworks */ = {isa = PBXBuildFile; fileRef = 4372065E25C1510D008A0556 /* libswresample.a */; };
		4372066625C1510E008A0556 /* libswscale.a in Frameworks */ = {isa = PBXBuildFile; fileRef = 4372065F25C1510D008A0556 /* libswscale.a */; };
		4372066725C1510E008A0556 /* libavdevice.a in Frameworks */ = {isa = PBXBuildFile; fileRef = 4372066025C1510D008A0556 /* libavdevice.a */; };
		4372066825C1510E008A0556 /* libavformat.a in Frameworks */ = {isa = PBXBuildFile; fileRef = 4372066125C1510D008A0556 /* libavformat.a */; };
		4372066925C1510E008A0556 /* libavutil.a in Frameworks */ = {isa = PBXBuildFile; fileRef = 4372066225C1510D008A0556 /* libavutil.a */; };
		4372066A25C1510E008A0556 /* libavcodec.a in Frameworks */ = {isa = PBXBuildFile; fileRef = 4372066325C1510D008A0556 /* libavcodec.a */; };
		43A9E4FB25DBAA2900DA9365 /* SettingTableViewController.swift in Sources */ = {isa = PBXBuildFile; fileRef = 43A9E4FA25DBAA2900DA9365 /* SettingTableViewController.swift */; };
		43A9E4FE25DBAA5100DA9365 /* SettingTableViewCell.swift in Sources */ = {isa = PBXBuildFile; fileRef = 43A9E4FD25DBAA5100DA9365 /* SettingTableViewCell.swift */; };
		43BD364625DBB58D0051D738 /* MonitorViewController.swift in Sources */ = {isa = PBXBuildFile; fileRef = 43BD364525DBB58D0051D738 /* MonitorViewController.swift */; };
		43F55889254BD01C004DC30C /* NetworkConnection.swift in Sources */ = {isa = PBXBuildFile; fileRef = 43F55888254BD01C004DC30C /* NetworkConnection.swift */; };
/* End PBXBuildFile section */

/* Begin PBXFileReference section */
		415C63971CECC824005F81E4 /* RtspClient.app */ = {isa = PBXFileReference; explicitFileType = wrapper.application; includeInIndex = 0; path = RtspClient.app; sourceTree = BUILT_PRODUCTS_DIR; };
		415C639A1CECC824005F81E4 /* AppDelegate.swift */ = {isa = PBXFileReference; lastKnownFileType = sourcecode.swift; path = AppDelegate.swift; sourceTree = "<group>"; };
		415C639C1CECC824005F81E4 /* ViewController.swift */ = {isa = PBXFileReference; lastKnownFileType = sourcecode.swift; path = ViewController.swift; sourceTree = "<group>"; };
		415C639F1CECC824005F81E4 /* Base */ = {isa = PBXFileReference; lastKnownFileType = file.storyboard; name = Base; path = Base.lproj/Main.storyboard; sourceTree = "<group>"; };
		415C63A11CECC824005F81E4 /* Assets.xcassets */ = {isa = PBXFileReference; lastKnownFileType = folder.assetcatalog; path = Assets.xcassets; sourceTree = "<group>"; };
		415C63A41CECC824005F81E4 /* Base */ = {isa = PBXFileReference; lastKnownFileType = file.storyboard; name = Base; path = Base.lproj/LaunchScreen.storyboard; sourceTree = "<group>"; };
		415C63A61CECC824005F81E4 /* Info.plist */ = {isa = PBXFileReference; lastKnownFileType = text.plist.xml; path = Info.plist; sourceTree = "<group>"; };
		415C63D51CECCD69005F81E4 /* RtspClient-Bridging-Header.h */ = {isa = PBXFileReference; lastKnownFileType = sourcecode.c.h; path = "RtspClient-Bridging-Header.h"; sourceTree = "<group>"; };
		415C63D61CECCD69005F81E4 /* AudioStreamer.h */ = {isa = PBXFileReference; fileEncoding = 4; lastKnownFileType = sourcecode.c.h; name = AudioStreamer.h; path = RtspClient/PlayerScript/AudioStreamer.h; sourceTree = SOURCE_ROOT; };
		415C63D71CECCD69005F81E4 /* AudioStreamer.m */ = {isa = PBXFileReference; fileEncoding = 4; lastKnownFileType = sourcecode.c.objc; name = AudioStreamer.m; path = RtspClient/PlayerScript/AudioStreamer.m; sourceTree = SOURCE_ROOT; };
		415C63D81CECCD69005F81E4 /* RTSPPlayer.h */ = {isa = PBXFileReference; fileEncoding = 4; lastKnownFileType = sourcecode.c.h; name = RTSPPlayer.h; path = RtspClient/PlayerScript/RTSPPlayer.h; sourceTree = SOURCE_ROOT; };
		415C63D91CECCD69005F81E4 /* RTSPPlayer.m */ = {isa = PBXFileReference; fileEncoding = 4; lastKnownFileType = sourcecode.c.objc; name = RTSPPlayer.m; path = RtspClient/PlayerScript/RTSPPlayer.m; sourceTree = SOURCE_ROOT; };
		415C63DA1CECCD69005F81E4 /* Utilities.h */ = {isa = PBXFileReference; fileEncoding = 4; lastKnownFileType = sourcecode.c.h; name = Utilities.h; path = RtspClient/PlayerScript/Utilities.h; sourceTree = SOURCE_ROOT; };
		415C63DB1CECCD69005F81E4 /* Utilities.m */ = {isa = PBXFileReference; fileEncoding = 4; lastKnownFileType = sourcecode.c.objc; name = Utilities.m; path = RtspClient/PlayerScript/Utilities.m; sourceTree = SOURCE_ROOT; };
		43438C08260063BC0029BAB1 /* alarm.mp3 */ = {isa = PBXFileReference; lastKnownFileType = audio.mp3; path = alarm.mp3; sourceTree = SOURCE_ROOT; };
		436341D925F9B95700ECB9C5 /* Coordinates.swift */ = {isa = PBXFileReference; lastKnownFileType = sourcecode.swift; path = Coordinates.swift; sourceTree = "<group>"; };
		436C0DB825DE4AF100329384 /* EditServerController.swift */ = {isa = PBXFileReference; lastKnownFileType = sourcecode.swift; path = EditServerController.swift; sourceTree = "<group>"; };
		436C0DBC25DF613C00329384 /* Address.swift */ = {isa = PBXFileReference; lastKnownFileType = sourcecode.swift; path = Address.swift; sourceTree = "<group>"; };
		436C0DBF25DF67E500329384 /* EditCamViewController.swift */ = {isa = PBXFileReference; lastKnownFileType = sourcecode.swift; path = EditCamViewController.swift; sourceTree = "<group>"; };
		436C0DC325DF9D5400329384 /* Json.swift */ = {isa = PBXFileReference; lastKnownFileType = sourcecode.swift; path = Json.swift; sourceTree = "<group>"; };
		4372065125C1509C008A0556 /* libbz2.tbd */ = {isa = PBXFileReference; lastKnownFileType = "sourcecode.text-based-dylib-definition"; name = libbz2.tbd; path = usr/lib/libbz2.tbd; sourceTree = SDKROOT; };
		4372065225C1509C008A0556 /* libiconv.tbd */ = {isa = PBXFileReference; lastKnownFileType = "sourcecode.text-based-dylib-definition"; name = libiconv.tbd; path = usr/lib/libiconv.tbd; sourceTree = SDKROOT; };
		4372065325C1509C008A0556 /* libz.tbd */ = {isa = PBXFileReference; lastKnownFileType = "sourcecode.text-based-dylib-definition"; name = libz.tbd; path = usr/lib/libz.tbd; sourceTree = SDKROOT; };
		4372065D25C1510D008A0556 /* libavfilter.a */ = {isa = PBXFileReference; lastKnownFileType = archive.ar; name = libavfilter.a; path = FFMpegiOS/lib/libavfilter.a; sourceTree = SOURCE_ROOT; };
		4372065E25C1510D008A0556 /* libswresample.a */ = {isa = PBXFileReference; lastKnownFileType = archive.ar; name = libswresample.a; path = FFMpegiOS/lib/libswresample.a; sourceTree = SOURCE_ROOT; };
		4372065F25C1510D008A0556 /* libswscale.a */ = {isa = PBXFileReference; lastKnownFileType = archive.ar; name = libswscale.a; path = FFMpegiOS/lib/libswscale.a; sourceTree = SOURCE_ROOT; };
		4372066025C1510D008A0556 /* libavdevice.a */ = {isa = PBXFileReference; lastKnownFileType = archive.ar; name = libavdevice.a; path = FFMpegiOS/lib/libavdevice.a; sourceTree = SOURCE_ROOT; };
		4372066125C1510D008A0556 /* libavformat.a */ = {isa = PBXFileReference; lastKnownFileType = archive.ar; name = libavformat.a; path = FFMpegiOS/lib/libavformat.a; sourceTree = SOURCE_ROOT; };
		4372066225C1510D008A0556 /* libavutil.a */ = {isa = PBXFileReference; lastKnownFileType = archive.ar; name = libavutil.a; path = FFMpegiOS/lib/libavutil.a; sourceTree = SOURCE_ROOT; };
		4372066325C1510D008A0556 /* libavcodec.a */ = {isa = PBXFileReference; lastKnownFileType = archive.ar; name = libavcodec.a; path = FFMpegiOS/lib/libavcodec.a; sourceTree = SOURCE_ROOT; };
		43A9E4FA25DBAA2900DA9365 /* SettingTableViewController.swift */ = {isa = PBXFileReference; lastKnownFileType = sourcecode.swift; path = SettingTableViewController.swift; sourceTree = "<group>"; };
		43A9E4FD25DBAA5100DA9365 /* SettingTableViewCell.swift */ = {isa = PBXFileReference; lastKnownFileType = sourcecode.swift; path = SettingTableViewCell.swift; sourceTree = "<group>"; };
		43BD364525DBB58D0051D738 /* MonitorViewController.swift */ = {isa = PBXFileReference; lastKnownFileType = sourcecode.swift; path = MonitorViewController.swift; sourceTree = "<group>"; };
		43F55888254BD01C004DC30C /* NetworkConnection.swift */ = {isa = PBXFileReference; fileEncoding = 4; lastKnownFileType = sourcecode.swift; path = NetworkConnection.swift; sourceTree = "<group>"; };
/* End PBXFileReference section */

/* Begin PBXFrameworksBuildPhase section */
		415C63941CECC824005F81E4 /* Frameworks */ = {
			isa = PBXFrameworksBuildPhase;
			buildActionMask = 2147483647;
			files = (
				4372066925C1510E008A0556 /* libavutil.a in Frameworks */,
				4372066725C1510E008A0556 /* libavdevice.a in Frameworks */,
				4372066625C1510E008A0556 /* libswscale.a in Frameworks */,
				4372066425C1510E008A0556 /* libavfilter.a in Frameworks */,
				4372066825C1510E008A0556 /* libavformat.a in Frameworks */,
				4372066525C1510E008A0556 /* libswresample.a in Frameworks */,
				4372065925C150FE008A0556 /* libiconv.tbd in Frameworks */,
				4372066A25C1510E008A0556 /* libavcodec.a in Frameworks */,
				4372065B25C15101008A0556 /* libz.tbd in Frameworks */,
				4372065725C150FB008A0556 /* libbz2.tbd in Frameworks */,
			);
			runOnlyForDeploymentPostprocessing = 0;
		};
/* End PBXFrameworksBuildPhase section */

/* Begin PBXGroup section */
		415C638E1CECC824005F81E4 = {
			isa = PBXGroup;
			children = (
				4372065025C15092008A0556 /* Library */,
				415C63991CECC824005F81E4 /* RtspClient */,
				415C63981CECC824005F81E4 /* Products */,
			);
			sourceTree = "<group>";
		};
		415C63981CECC824005F81E4 /* Products */ = {
			isa = PBXGroup;
			children = (
				415C63971CECC824005F81E4 /* RtspClient.app */,
			);
			name = Products;
			sourceTree = "<group>";
		};
		415C63991CECC824005F81E4 /* RtspClient */ = {
			isa = PBXGroup;
			children = (
				43438C08260063BC0029BAB1 /* alarm.mp3 */,
				436C0DBB25DF612400329384 /* Model */,
				436C0DB725DE491800329384 /* Function */,
				436C0DB625DE48F200329384 /* Controller */,
				4372066D25C15193008A0556 /* PlayerScript */,
				415C639A1CECC824005F81E4 /* AppDelegate.swift */,
				415C639E1CECC824005F81E4 /* Main.storyboard */,
				415C63A11CECC824005F81E4 /* Assets.xcassets */,
				415C63A31CECC824005F81E4 /* LaunchScreen.storyboard */,
				415C63A61CECC824005F81E4 /* Info.plist */,
				415C63D51CECCD69005F81E4 /* RtspClient-Bridging-Header.h */,
			);
			path = RtspClient;
			sourceTree = "<group>";
		};
		436C0DB625DE48F200329384 /* Controller */ = {
			isa = PBXGroup;
			children = (
				415C639C1CECC824005F81E4 /* ViewController.swift */,
				43A9E4FA25DBAA2900DA9365 /* SettingTableViewController.swift */,
				43A9E4FD25DBAA5100DA9365 /* SettingTableViewCell.swift */,
				43BD364525DBB58D0051D738 /* MonitorViewController.swift */,
				436C0DB825DE4AF100329384 /* EditServerController.swift */,
				436C0DBF25DF67E500329384 /* EditCamViewController.swift */,
			);
			path = Controller;
			sourceTree = "<group>";
		};
		436C0DB725DE491800329384 /* Function */ = {
			isa = PBXGroup;
			children = (
				43F55888254BD01C004DC30C /* NetworkConnection.swift */,
				436C0DC325DF9D5400329384 /* Json.swift */,
				436341D925F9B95700ECB9C5 /* Coordinates.swift */,
			);
			path = Function;
			sourceTree = "<group>";
		};
		436C0DBB25DF612400329384 /* Model */ = {
			isa = PBXGroup;
			children = (
				436C0DBC25DF613C00329384 /* Address.swift */,
			);
			path = Model;
			sourceTree = "<group>";
		};
		4372065025C15092008A0556 /* Library */ = {
			isa = PBXGroup;
			children = (
				4372066325C1510D008A0556 /* libavcodec.a */,
				4372066025C1510D008A0556 /* libavdevice.a */,
				4372065D25C1510D008A0556 /* libavfilter.a */,
				4372066125C1510D008A0556 /* libavformat.a */,
				4372066225C1510D008A0556 /* libavutil.a */,
				4372065E25C1510D008A0556 /* libswresample.a */,
				4372065F25C1510D008A0556 /* libswscale.a */,
				4372065125C1509C008A0556 /* libbz2.tbd */,
				4372065225C1509C008A0556 /* libiconv.tbd */,
				4372065325C1509C008A0556 /* libz.tbd */,
			);
			path = Library;
			sourceTree = "<group>";
		};
		4372066D25C15193008A0556 /* PlayerScript */ = {
			isa = PBXGroup;
			children = (
				415C63D61CECCD69005F81E4 /* AudioStreamer.h */,
				415C63D71CECCD69005F81E4 /* AudioStreamer.m */,
				415C63D81CECCD69005F81E4 /* RTSPPlayer.h */,
				415C63D91CECCD69005F81E4 /* RTSPPlayer.m */,
				415C63DA1CECCD69005F81E4 /* Utilities.h */,
				415C63DB1CECCD69005F81E4 /* Utilities.m */,
			);
			path = PlayerScript;
			sourceTree = "<group>";
		};
/* End PBXGroup section */

/* Begin PBXNativeTarget section */
		415C63961CECC824005F81E4 /* RtspClient */ = {
			isa = PBXNativeTarget;
			buildConfigurationList = 415C63BF1CECC824005F81E4 /* Build configuration list for PBXNativeTarget "RtspClient" */;
			buildPhases = (
				415C63931CECC824005F81E4 /* Sources */,
				415C63941CECC824005F81E4 /* Frameworks */,
				415C63951CECC824005F81E4 /* Resources */,
			);
			buildRules = (
			);
			dependencies = (
			);
			name = RtspClient;
			productName = RtspClient;
			productReference = 415C63971CECC824005F81E4 /* RtspClient.app */;
			productType = "com.apple.product-type.application";
		};
/* End PBXNativeTarget section */

/* Begin PBXProject section */
		415C638F1CECC824005F81E4 /* Project object */ = {
			isa = PBXProject;
			attributes = {
				LastSwiftUpdateCheck = 0730;
				LastUpgradeCheck = 0900;
				ORGANIZATIONNAME = "Andres Rojas";
				TargetAttributes = {
					415C63961CECC824005F81E4 = {
						CreatedOnToolsVersion = 7.3.1;
						DevelopmentTeam = JUDFW2WMA7;
						ProvisioningStyle = Automatic;
					};
				};
			};
			buildConfigurationList = 415C63921CECC824005F81E4 /* Build configuration list for PBXProject "RtspClient" */;
			compatibilityVersion = "Xcode 3.2";
			developmentRegion = English;
			hasScannedForEncodings = 0;
			knownRegions = (
				English,
				en,
				Base,
			);
			mainGroup = 415C638E1CECC824005F81E4;
			productRefGroup = 415C63981CECC824005F81E4 /* Products */;
			projectDirPath = "";
			projectRoot = "";
			targets = (
				415C63961CECC824005F81E4 /* RtspClient */,
			);
		};
/* End PBXProject section */

/* Begin PBXResourcesBuildPhase section */
		415C63951CECC824005F81E4 /* Resources */ = {
			isa = PBXResourcesBuildPhase;
			buildActionMask = 2147483647;
			files = (
				43438C09260063BC0029BAB1 /* alarm.mp3 in Resources */,
				415C63A51CECC824005F81E4 /* LaunchScreen.storyboard in Resources */,
				415C63A21CECC824005F81E4 /* Assets.xcassets in Resources */,
				415C63A01CECC824005F81E4 /* Main.storyboard in Resources */,
			);
			runOnlyForDeploymentPostprocessing = 0;
		};
/* End PBXResourcesBuildPhase section */

/* Begin PBXSourcesBuildPhase section */
		415C63931CECC824005F81E4 /* Sources */ = {
			isa = PBXSourcesBuildPhase;
			buildActionMask = 2147483647;
			files = (
				436C0DC025DF67E500329384 /* EditCamViewController.swift in Sources */,
				43A9E4FB25DBAA2900DA9365 /* SettingTableViewController.swift in Sources */,
				415C639D1CECC824005F81E4 /* ViewController.swift in Sources */,
				415C63DD1CECCD69005F81E4 /* RTSPPlayer.m in Sources */,
				43F55889254BD01C004DC30C /* NetworkConnection.swift in Sources */,
				415C639B1CECC824005F81E4 /* AppDelegate.swift in Sources */,
				436C0DB925DE4AF100329384 /* EditServerController.swift in Sources */,
				415C63DC1CECCD69005F81E4 /* AudioStreamer.m in Sources */,
				43A9E4FE25DBAA5100DA9365 /* SettingTableViewCell.swift in Sources */,
				436341DA25F9B95800ECB9C5 /* Coordinates.swift in Sources */,
				43BD364625DBB58D0051D738 /* MonitorViewController.swift in Sources */,
				436C0DBD25DF613C00329384 /* Address.swift in Sources */,
				436C0DC425DF9D5400329384 /* Json.swift in Sources */,
				415C63DE1CECCD69005F81E4 /* Utilities.m in Sources */,
			);
			runOnlyForDeploymentPostprocessing = 0;
		};
/* End PBXSourcesBuildPhase section */

/* Begin PBXVariantGroup section */
		415C639E1CECC824005F81E4 /* Main.storyboard */ = {
			isa = PBXVariantGroup;
			children = (
				415C639F1CECC824005F81E4 /* Base */,
			);
			name = Main.storyboard;
			sourceTree = "<group>";
		};
		415C63A31CECC824005F81E4 /* LaunchScreen.storyboard */ = {
			isa = PBXVariantGroup;
			children = (
				415C63A41CECC824005F81E4 /* Base */,
			);
			name = LaunchScreen.storyboard;
			sourceTree = "<group>";
		};
/* End PBXVariantGroup section */

/* Begin XCBuildConfiguration section */
		415C63BD1CECC824005F81E4 /* Debug */ = {
			isa = XCBuildConfiguration;
			buildSettings = {
				ALWAYS_SEARCH_USER_PATHS = NO;
				CLANG_ANALYZER_NONNULL = YES;
				CLANG_CXX_LANGUAGE_STANDARD = "gnu++0x";
				CLANG_CXX_LIBRARY = "libc++";
				CLANG_ENABLE_MODULES = YES;
				CLANG_ENABLE_OBJC_ARC = YES;
				CLANG_WARN_BLOCK_CAPTURE_AUTORELEASING = YES;
				CLANG_WARN_BOOL_CONVERSION = YES;
				CLANG_WARN_COMMA = YES;
				CLANG_WARN_CONSTANT_CONVERSION = YES;
				CLANG_WARN_DIRECT_OBJC_ISA_USAGE = YES_ERROR;
				CLANG_WARN_EMPTY_BODY = YES;
				CLANG_WARN_ENUM_CONVERSION = YES;
				CLANG_WARN_INFINITE_RECURSION = YES;
				CLANG_WARN_INT_CONVERSION = YES;
				CLANG_WARN_NON_LITERAL_NULL_CONVERSION = YES;
				CLANG_WARN_OBJC_LITERAL_CONVERSION = YES;
				CLANG_WARN_OBJC_ROOT_CLASS = YES_ERROR;
				CLANG_WARN_RANGE_LOOP_ANALYSIS = YES;
				CLANG_WARN_STRICT_PROTOTYPES = YES;
				CLANG_WARN_SUSPICIOUS_MOVE = YES;
				CLANG_WARN_UNREACHABLE_CODE = YES;
				CLANG_WARN__DUPLICATE_METHOD_MATCH = YES;
				"CODE_SIGN_IDENTITY[sdk=iphoneos*]" = "iPhone Developer";
				COPY_PHASE_STRIP = NO;
				DEBUG_INFORMATION_FORMAT = dwarf;
				ENABLE_STRICT_OBJC_MSGSEND = YES;
				ENABLE_TESTABILITY = YES;
				GCC_C_LANGUAGE_STANDARD = gnu99;
				GCC_DYNAMIC_NO_PIC = NO;
				GCC_NO_COMMON_BLOCKS = YES;
				GCC_OPTIMIZATION_LEVEL = 0;
				GCC_PREPROCESSOR_DEFINITIONS = (
					"DEBUG=1",
					"$(inherited)",
				);
				GCC_WARN_64_TO_32_BIT_CONVERSION = YES;
				GCC_WARN_ABOUT_RETURN_TYPE = YES_ERROR;
				GCC_WARN_UNDECLARED_SELECTOR = YES;
				GCC_WARN_UNINITIALIZED_AUTOS = YES_AGGRESSIVE;
				GCC_WARN_UNUSED_FUNCTION = YES;
				GCC_WARN_UNUSED_VARIABLE = YES;
				IPHONEOS_DEPLOYMENT_TARGET = 13.0;
				MTL_ENABLE_DEBUG_INFO = YES;
				ONLY_ACTIVE_ARCH = YES;
				SDKROOT = iphoneos;
				SWIFT_OPTIMIZATION_LEVEL = "-Onone";
				SWIFT_VERSION = 4.0;
			};
			name = Debug;
		};
		415C63BE1CECC824005F81E4 /* Release */ = {
			isa = XCBuildConfiguration;
			buildSettings = {
				ALWAYS_SEARCH_USER_PATHS = NO;
				CLANG_ANALYZER_NONNULL = YES;
				CLANG_CXX_LANGUAGE_STANDARD = "gnu++0x";
				CLANG_CXX_LIBRARY = "libc++";
				CLANG_ENABLE_MODULES = YES;
				CLANG_ENABLE_OBJC_ARC = YES;
				CLANG_WARN_BLOCK_CAPTURE_AUTORELEASING = YES;
				CLANG_WARN_BOOL_CONVERSION = YES;
				CLANG_WARN_COMMA = YES;
				CLANG_WARN_CONSTANT_CONVERSION = YES;
				CLANG_WARN_DIRECT_OBJC_ISA_USAGE = YES_ERROR;
				CLANG_WARN_EMPTY_BODY = YES;
				CLANG_WARN_ENUM_CONVERSION = YES;
				CLANG_WARN_INFINITE_RECURSION = YES;
				CLANG_WARN_INT_CONVERSION = YES;
				CLANG_WARN_NON_LITERAL_NULL_CONVERSION = YES;
				CLANG_WARN_OBJC_LITERAL_CONVERSION = YES;
				CLANG_WARN_OBJC_ROOT_CLASS = YES_ERROR;
				CLANG_WARN_RANGE_LOOP_ANALYSIS = YES;
				CLANG_WARN_STRICT_PROTOTYPES = YES;
				CLANG_WARN_SUSPICIOUS_MOVE = YES;
				CLANG_WARN_UNREACHABLE_CODE = YES;
				CLANG_WARN__DUPLICATE_METHOD_MATCH = YES;
				"CODE_SIGN_IDENTITY[sdk=iphoneos*]" = "iPhone Developer";
				COPY_PHASE_STRIP = NO;
				DEBUG_INFORMATION_FORMAT = "dwarf-with-dsym";
				ENABLE_NS_ASSERTIONS = NO;
				ENABLE_STRICT_OBJC_MSGSEND = YES;
				GCC_C_LANGUAGE_STANDARD = gnu99;
				GCC_NO_COMMON_BLOCKS = YES;
				GCC_WARN_64_TO_32_BIT_CONVERSION = YES;
				GCC_WARN_ABOUT_RETURN_TYPE = YES_ERROR;
				GCC_WARN_UNDECLARED_SELECTOR = YES;
				GCC_WARN_UNINITIALIZED_AUTOS = YES_AGGRESSIVE;
				GCC_WARN_UNUSED_FUNCTION = YES;
				GCC_WARN_UNUSED_VARIABLE = YES;
				IPHONEOS_DEPLOYMENT_TARGET = 13.0;
				MTL_ENABLE_DEBUG_INFO = NO;
				SDKROOT = iphoneos;
				SWIFT_OPTIMIZATION_LEVEL = "-Owholemodule";
				SWIFT_VERSION = 4.0;
				VALIDATE_PRODUCT = YES;
			};
			name = Release;
		};
		415C63C01CECC824005F81E4 /* Debug */ = {
			isa = XCBuildConfiguration;
			buildSettings = {
				ASSETCATALOG_COMPILER_APPICON_NAME = AppIcon;
				CLANG_ENABLE_MODULES = YES;
				CODE_SIGN_IDENTITY = "Apple Development";
				CODE_SIGN_STYLE = Automatic;
				DEVELOPMENT_TEAM = JUDFW2WMA7;
				ENABLE_BITCODE = NO;
				HEADER_SEARCH_PATHS = "$(SRCROOT)/FFMpegiOS/include/**";
				INFOPLIST_FILE = RtspClient/Info.plist;
				IPHONEOS_DEPLOYMENT_TARGET = 12.3;
				LD_RUNPATH_SEARCH_PATHS = "$(inherited) @executable_path/Frameworks";
				LIBRARY_SEARCH_PATHS = (
					"$(inherited)",
					"$(PROJECT_DIR)/FFMpegiOS/lib",
				);
				OTHER_SWIFT_FLAGS = "$(inherited) -D COCOAPODS -Xfrontend -warn-long-function-bodies=100 -Xfrontend -warn-long-expression-type-checking=100";
				PRODUCT_BUNDLE_IDENTIFIER = com.example.RtspClient12;
				PRODUCT_NAME = "$(TARGET_NAME)";
				PROVISIONING_PROFILE_SPECIFIER = "";
				SUPPORTED_PLATFORMS = "iphonesimulator iphoneos";
				SWIFT_COMPILATION_MODE = singlefile;
				SWIFT_OBJC_BRIDGING_HEADER = "RtspClient/RtspClient-Bridging-Header.h";
				SWIFT_OPTIMIZATION_LEVEL = "-Onone";
				SWIFT_VERSION = 4.0;
				TARGETED_DEVICE_FAMILY = "1,2";
			};
			name = Debug;
		};
		415C63C11CECC824005F81E4 /* Release */ = {
			isa = XCBuildConfiguration;
			buildSettings = {
				ASSETCATALOG_COMPILER_APPICON_NAME = AppIcon;
				CLANG_ENABLE_MODULES = YES;
				CODE_SIGN_IDENTITY = "Apple Development";
				CODE_SIGN_STYLE = Automatic;
				DEVELOPMENT_TEAM = JUDFW2WMA7;
				ENABLE_BITCODE = NO;
				HEADER_SEARCH_PATHS = "$(SRCROOT)/FFMpegiOS/include/**";
				INFOPLIST_FILE = RtspClient/Info.plist;
				IPHONEOS_DEPLOYMENT_TARGET = 12.3;
				LD_RUNPATH_SEARCH_PATHS = "$(inherited) @executable_path/Frameworks";
				LIBRARY_SEARCH_PATHS = (
					"$(inherited)",
					"$(PROJECT_DIR)/FFMpegiOS/lib",
				);
				OTHER_SWIFT_FLAGS = "$(inherited) -D COCOAPODS -Xfrontend -warn-long-function-bodies=100 -Xfrontend -warn-long-expression-type-checking=100";
				PRODUCT_BUNDLE_IDENTIFIER = com.example.RtspClient12;
				PRODUCT_NAME = "$(TARGET_NAME)";
				PROVISIONING_PROFILE_SPECIFIER = "";
				SUPPORTED_PLATFORMS = "iphonesimulator iphoneos";
				SWIFT_COMPILATION_MODE = singlefile;
				SWIFT_OBJC_BRIDGING_HEADER = "RtspClient/RtspClient-Bridging-Header.h";
				SWIFT_VERSION = 4.0;
				TARGETED_DEVICE_FAMILY = "1,2";
			};
			name = Release;
		};
/* End XCBuildConfiguration section */

/* Begin XCConfigurationList section */
		415C63921CECC824005F81E4 /* Build configuration list for PBXProject "RtspClient" */ = {
			isa = XCConfigurationList;
			buildConfigurations = (
				415C63BD1CECC824005F81E4 /* Debug */,
				415C63BE1CECC824005F81E4 /* Release */,
			);
			defaultConfigurationIsVisible = 0;
			defaultConfigurationName = Release;
		};
		415C63BF1CECC824005F81E4 /* Build configuration list for PBXNativeTarget "RtspClient" */ = {
			isa = XCConfigurationList;
			buildConfigurations = (
				415C63C01CECC824005F81E4 /* Debug */,
				415C63C11CECC824005F81E4 /* Release */,
			);
			defaultConfigurationIsVisible = 0;
			defaultConfigurationName = Release;
		};
/* End XCConfigurationList section */
	};
	rootObject = 415C638F1CECC824005F81E4 /* Project object */;
}
